
Microsoft Visual Studio Solution File, Format Version 12.00
# Visual Studio Version 16
VisualStudioVersion = 16.0.28729.10
MinimumVisualStudioVersion = 10.0.40219.1
Project("{9A19103F-16F7-4668-BE54-9A1E7A4F7556}") = "NetGearLTE", "NetGearLTE\NetGearLTE.csproj", "{84448DBC-3570-458B-BFA4-72ABE73D8E81}"
EndProject
Project("{FAE04EC0-301F-11D3-BF4B-00C04F79EFBC}") = "NetGearLTE.Library", "NetGearLTE.Library\NetGearLTE.Library.csproj", "{58E11AAA-6D7E-4E02-A4D6-CC6A8CFBC50D}"
EndProject
Global
	GlobalSection(SolutionConfigurationPlatforms) = preSolution
		Debug|Any CPU = Debug|Any CPU
		Release|Any CPU = Release|Any CPU
	EndGlobalSection
	GlobalSection(ProjectConfigurationPlatforms) = postSolution
		{84448DBC-3570-458B-BFA4-72ABE73D8E81}.Debug|Any CPU.ActiveCfg = Debug|Any CPU
		{84448DBC-3570-458B-BFA4-72ABE73D8E81}.Debug|Any CPU.Build.0 = Debug|Any CPU
		{84448DBC-3570-458B-BFA4-72ABE73D8E81}.Release|Any CPU.ActiveCfg = Release|Any CPU
		{84448DBC-3570-458B-BFA4-72ABE73D8E81}.Release|Any CPU.Build.0 = Release|Any CPU
		{58E11AAA-6D7E-4E02-A4D6-CC6A8CFBC50D}.Debug|Any CPU.ActiveCfg = Debug|Any CPU
		{58E11AAA-6D7E-4E02-A4D6-CC6A8CFBC50D}.Debug|Any CPU.Build.0 = Debug|Any CPU
		{58E11AAA-6D7E-4E02-A4D6-CC6A8CFBC50D}.Release|Any CPU.ActiveCfg = Release|Any CPU
		{58E11AAA-6D7E-4E02-A4D6-CC6A8CFBC50D}.Release|Any CPU.Build.0 = Release|Any CPU
	EndGlobalSection
	GlobalSection(SolutionProperties) = preSolution
		HideSolutionNode = FALSE
	EndGlobalSection
	GlobalSection(ExtensibilityGlobals) = postSolution
		SolutionGuid = {7C0CB954-48D3-42BA-A85B-828A26FC6CAF}
	EndGlobalSection
EndGlobal
